
Microsoft Visual Studio Solution File, Format Version 12.00
# Visual Studio Version 16
VisualStudioVersion = 16.0.31729.503
MinimumVisualStudioVersion = 10.0.40219.1
Project("{9A19103F-16F7-4668-BE54-9A1E7A4F7556}") = "GENERATOR", "ConsoleApp8\GENERATOR.csproj", "{1008A7EC-7ED0-4710-A140-CBC82ADDDD6C}"
EndProject
Global
	GlobalSection(SolutionConfigurationPlatforms) = preSolution
		Debug|Any CPU = Debug|Any CPU
		Release|Any CPU = Release|Any CPU
	EndGlobalSection
	GlobalSection(ProjectConfigurationPlatforms) = postSolution
		{1008A7EC-7ED0-4710-A140-CBC82ADDDD6C}.Debug|Any CPU.ActiveCfg = Debug|Any CPU
		{1008A7EC-7ED0-4710-A140-CBC82ADDDD6C}.Debug|Any CPU.Build.0 = Debug|Any CPU
		{1008A7EC-7ED0-4710-A140-CBC82ADDDD6C}.Release|Any CPU.ActiveCfg = Release|Any CPU
		{1008A7EC-7ED0-4710-A140-CBC82ADDDD6C}.Release|Any CPU.Build.0 = Release|Any CPU
	EndGlobalSection
	GlobalSection(SolutionProperties) = preSolution
		HideSolutionNode = FALSE
	EndGlobalSection
	GlobalSection(ExtensibilityGlobals) = postSolution
		SolutionGuid = {299DF2CE-9949-4412-95A9-95F1ED22F6F2}
	EndGlobalSection
EndGlobal
